
Microsoft Visual Studio Solution File, Format Version 12.00
# Visual Studio Version 17
VisualStudioVersion = 17.2.32616.157
MinimumVisualStudioVersion = 10.0.40219.1
Project("{FAE04EC0-301F-11D3-BF4B-00C04F79EFBC}") = "exercise1.1-1.3", "exercise1.1-1.3\exercise1.1-1.3.csproj", "{6F24E68F-C0D6-47F1-B424-B28FF589671E}"
EndProject
Global
	GlobalSection(SolutionConfigurationPlatforms) = preSolution
		Debug|Any CPU = Debug|Any CPU
		Release|Any CPU = Release|Any CPU
	EndGlobalSection
	GlobalSection(ProjectConfigurationPlatforms) = postSolution
		{6F24E68F-C0D6-47F1-B424-B28FF589671E}.Debug|Any CPU.ActiveCfg = Debug|Any CPU
		{6F24E68F-C0D6-47F1-B424-B28FF589671E}.Debug|Any CPU.Build.0 = Debug|Any CPU
		{6F24E68F-C0D6-47F1-B424-B28FF589671E}.Release|Any CPU.ActiveCfg = Release|Any CPU
		{6F24E68F-C0D6-47F1-B424-B28FF589671E}.Release|Any CPU.Build.0 = Release|Any CPU
	EndGlobalSection
	GlobalSection(SolutionProperties) = preSolution
		HideSolutionNode = FALSE
	EndGlobalSection
	GlobalSection(ExtensibilityGlobals) = postSolution
		SolutionGuid = {E8E35640-F108-4BC4-8378-29618343D62D}
	EndGlobalSection
EndGlobal
