
Microsoft Visual Studio Solution File, Format Version 12.00
# Visual Studio Version 17
VisualStudioVersion = 17.3.32825.248
MinimumVisualStudioVersion = 10.0.40219.1
Project("{FAE04EC0-301F-11D3-BF4B-00C04F79EFBC}") = "SE.task1", "SE.task1\SE.task1.csproj", "{2AAB0AF3-E107-4796-A73B-A8B10545195C}"
EndProject
Global
	GlobalSection(SolutionConfigurationPlatforms) = preSolution
		Debug|Any CPU = Debug|Any CPU
		Release|Any CPU = Release|Any CPU
	EndGlobalSection
	GlobalSection(ProjectConfigurationPlatforms) = postSolution
		{2AAB0AF3-E107-4796-A73B-A8B10545195C}.Debug|Any CPU.ActiveCfg = Debug|Any CPU
		{2AAB0AF3-E107-4796-A73B-A8B10545195C}.Debug|Any CPU.Build.0 = Debug|Any CPU
		{2AAB0AF3-E107-4796-A73B-A8B10545195C}.Release|Any CPU.ActiveCfg = Release|Any CPU
		{2AAB0AF3-E107-4796-A73B-A8B10545195C}.Release|Any CPU.Build.0 = Release|Any CPU
	EndGlobalSection
	GlobalSection(SolutionProperties) = preSolution
		HideSolutionNode = FALSE
	EndGlobalSection
	GlobalSection(ExtensibilityGlobals) = postSolution
		SolutionGuid = {D3827AC6-64DD-462B-9938-D13EF055481E}
	EndGlobalSection
EndGlobal
